{
  "requires": true,
  "lockfileVersion": 1,
  "dependencies": {
    "atft": {
      "version": "0.1.0",
      "resolved": "https://registry.npmjs.org/atft/-/atft-0.1.0.tgz",
      "integrity": "sha512-mQLao0A85T1eIQ1P9nz1q4lBfXdkrdWw0jxrRY/T5dUkjPRgnIsXrs/CZkKUwYD6bIG2SzGlgNWC1+GF/HAE4w=="
    },
    "three": {
      "version": "0.106.2",
      "resolved": "https://registry.npmjs.org/three/-/three-0.106.2.tgz",
      "integrity": "sha512-4Tlx43uoxnIaZFW2Bzkd1rXsatvVHEWAZJy8LuE+s6Q8c66ogNnhfq1bHiBKPAnXP230LD11H/ScIZc2LZMviA=="
    }
  }
}
